
Microsoft Visual Studio Solution File, Format Version 12.00
# Visual Studio Version 17
VisualStudioVersion = 17.8.34511.84
MinimumVisualStudioVersion = 10.0.40219.1
Project("{FAE04EC0-301F-11D3-BF4B-00C04F79EFBC}") = "ProjetoMVC", "ProjetoMVC\ProjetoMVC.csproj", "{4CED8AAE-813F-4415-8311-DD9E372DBC25}"
EndProject
Global
	GlobalSection(SolutionConfigurationPlatforms) = preSolution
		Debug|Any CPU = Debug|Any CPU
		Release|Any CPU = Release|Any CPU
	EndGlobalSection
	GlobalSection(ProjectConfigurationPlatforms) = postSolution
		{4CED8AAE-813F-4415-8311-DD9E372DBC25}.Debug|Any CPU.ActiveCfg = Debug|Any CPU
		{4CED8AAE-813F-4415-8311-DD9E372DBC25}.Debug|Any CPU.Build.0 = Debug|Any CPU
		{4CED8AAE-813F-4415-8311-DD9E372DBC25}.Release|Any CPU.ActiveCfg = Release|Any CPU
		{4CED8AAE-813F-4415-8311-DD9E372DBC25}.Release|Any CPU.Build.0 = Release|Any CPU
	EndGlobalSection
	GlobalSection(SolutionProperties) = preSolution
		HideSolutionNode = FALSE
	EndGlobalSection
	GlobalSection(ExtensibilityGlobals) = postSolution
		SolutionGuid = {FF97A3E0-C75E-42B9-87E4-4BD67D945644}
	EndGlobalSection
EndGlobal
